// !$*UTF8*$!
{
	archiveVersion = 1;
	classes = {
	};
	objectVersion = 50;
	objects = {

/* Begin PBXBuildFile section */
		741BF245256E97D700ECB252 /* AppDelegate.swift in Sources */ = {isa = PBXBuildFile; fileRef = 741BF244256E97D700ECB252 /* AppDelegate.swift */; };
		741BF247256E97D700ECB252 /* SceneDelegate.swift in Sources */ = {isa = PBXBuildFile; fileRef = 741BF246256E97D700ECB252 /* SceneDelegate.swift */; };
		741BF249256E97D700ECB252 /* ViewController.swift in Sources */ = {isa = PBXBuildFile; fileRef = 741BF248256E97D700ECB252 /* ViewController.swift */; };
		741BF24C256E97D700ECB252 /* Main.storyboard in Resources */ = {isa = PBXBuildFile; fileRef = 741BF24A256E97D700ECB252 /* Main.storyboard */; };
		741BF24E256E97D800ECB252 /* Assets.xcassets in Resources */ = {isa = PBXBuildFile; fileRef = 741BF24D256E97D800ECB252 /* Assets.xcassets */; };
		741BF251256E97D800ECB252 /* LaunchScreen.storyboard in Resources */ = {isa = PBXBuildFile; fileRef = 741BF24F256E97D800ECB252 /* LaunchScreen.storyboard */; };
		741BF25C256E97D800ECB252 /* SegmentControlTests.swift in Sources */ = {isa = PBXBuildFile; fileRef = 741BF25B256E97D800ECB252 /* SegmentControlTests.swift */; };
		741BF267256E97D800ECB252 /* SegmentControlUITests.swift in Sources */ = {isa = PBXBuildFile; fileRef = 741BF266256E97D800ECB252 /* SegmentControlUITests.swift */; };
/* End PBXBuildFile section */

/* Begin PBXContainerItemProxy section */
		741BF258256E97D800ECB252 /* PBXContainerItemProxy */ = {
			isa = PBXContainerItemProxy;
			containerPortal = 741BF239256E97D700ECB252 /* Project object */;
			proxyType = 1;
			remoteGlobalIDString = 741BF240256E97D700ECB252;
			remoteInfo = SegmentControl;
		};
		741BF263256E97D800ECB252 /* PBXContainerItemProxy */ = {
			isa = PBXContainerItemProxy;
			containerPortal = 741BF239256E97D700ECB252 /* Project object */;
			proxyType = 1;
			remoteGlobalIDString = 741BF240256E97D700ECB252;
			remoteInfo = SegmentControl;
		};
/* End PBXContainerItemProxy section */

/* Begin PBXFileReference section */
		741BF241256E97D700ECB252 /* SegmentControl.app */ = {isa = PBXFileReference; explicitFileType = wrapper.application; includeInIndex = 0; path = SegmentControl.app; sourceTree = BUILT_PRODUCTS_DIR; };
		741BF244256E97D700ECB252 /* AppDelegate.swift */ = {isa = PBXFileReference; lastKnownFileType = sourcecode.swift; path = AppDelegate.swift; sourceTree = "<group>"; };
		741BF246256E97D700ECB252 /* SceneDelegate.swift */ = {isa = PBXFileReference; lastKnownFileType = sourcecode.swift; path = SceneDelegate.swift; sourceTree = "<group>"; };
		741BF248256E97D700ECB252 /* ViewController.swift */ = {isa = PBXFileReference; lastKnownFileType = sourcecode.swift; path = ViewController.swift; sourceTree = "<group>"; };
		741BF24B256E97D700ECB252 /* Base */ = {isa = PBXFileReference; lastKnownFileType = file.storyboard; name = Base; path = Base.lproj/Main.storyboard; sourceTree = "<group>"; };
		741BF24D256E97D800ECB252 /* Assets.xcassets */ = {isa = PBXFileReference; lastKnownFileType = folder.assetcatalog; path = Assets.xcassets; sourceTree = "<group>"; };
		741BF250256E97D800ECB252 /* Base */ = {isa = PBXFileReference; lastKnownFileType = file.storyboard; name = Base; path = Base.lproj/LaunchScreen.storyboard; sourceTree = "<group>"; };
		741BF252256E97D800ECB252 /* Info.plist */ = {isa = PBXFileReference; lastKnownFileType = text.plist.xml; path = Info.plist; sourceTree = "<group>"; };
		741BF257256E97D800ECB252 /* SegmentControlTests.xctest */ = {isa = PBXFileReference; explicitFileType = wrapper.cfbundle; includeInIndex = 0; path = SegmentControlTests.xctest; sourceTree = BUILT_PRODUCTS_DIR; };
		741BF25B256E97D800ECB252 /* SegmentControlTests.swift */ = {isa = PBXFileReference; lastKnownFileType = sourcecode.swift; path = SegmentControlTests.swift; sourceTree = "<group>"; };
		741BF25D256E97D800ECB252 /* Info.plist */ = {isa = PBXFileReference; lastKnownFileType = text.plist.xml; path = Info.plist; sourceTree = "<group>"; };
		741BF262256E97D800ECB252 /* SegmentControlUITests.xctest */ = {isa = PBXFileReference; explicitFileType = wrapper.cfbundle; includeInIndex = 0; path = SegmentControlUITests.xctest; sourceTree = BUILT_PRODUCTS_DIR; };
		741BF266256E97D800ECB252 /* SegmentControlUITests.swift */ = {isa = PBXFileReference; lastKnownFileType = sourcecode.swift; path = SegmentControlUITests.swift; sourceTree = "<group>"; };
		741BF268256E97D800ECB252 /* Info.plist */ = {isa = PBXFileReference; lastKnownFileType = text.plist.xml; path = Info.plist; sourceTree = "<group>"; };
/* End PBXFileReference section */

/* Begin PBXFrameworksBuildPhase section */
		741BF23E256E97D700ECB252 /* Frameworks */ = {
			isa = PBXFrameworksBuildPhase;
			buildActionMask = 2147483647;
			files = (
			);
			runOnlyForDeploymentPostprocessing = 0;
		};
		741BF254256E97D800ECB252 /* Frameworks */ = {
			isa = PBXFrameworksBuildPhase;
			buildActionMask = 2147483647;
			files = (
			);
			runOnlyForDeploymentPostprocessing = 0;
		};
		741BF25F256E97D800ECB252 /* Frameworks */ = {
			isa = PBXFrameworksBuildPhase;
			buildActionMask = 2147483647;
			files = (
			);
			runOnlyForDeploymentPostprocessing = 0;
		};
/* End PBXFrameworksBuildPhase section */

/* Begin PBXGroup section */
		741BF238256E97D700ECB252 = {
			isa = PBXGroup;
			children = (
				741BF243256E97D700ECB252 /* SegmentControl */,
				741BF25A256E97D800ECB252 /* SegmentControlTests */,
				741BF265256E97D800ECB252 /* SegmentControlUITests */,
				741BF242256E97D700ECB252 /* Products */,
			);
			sourceTree = "<group>";
		};
		741BF242256E97D700ECB252 /* Products */ = {
			isa = PBXGroup;
			children = (
				741BF241256E97D700ECB252 /* SegmentControl.app */,
				741BF257256E97D800ECB252 /* SegmentControlTests.xctest */,
				741BF262256E97D800ECB252 /* SegmentControlUITests.xctest */,
			);
			name = Products;
			sourceTree = "<group>";
		};
		741BF243256E97D700ECB252 /* SegmentControl */ = {
			isa = PBXGroup;
			children = (
				741BF244256E97D700ECB252 /* AppDelegate.swift */,
				741BF246256E97D700ECB252 /* SceneDelegate.swift */,
				741BF248256E97D700ECB252 /* ViewController.swift */,
				741BF24A256E97D700ECB252 /* Main.storyboard */,
				741BF24D256E97D800ECB252 /* Assets.xcassets */,
				741BF24F256E97D800ECB252 /* LaunchScreen.storyboard */,
				741BF252256E97D800ECB252 /* Info.plist */,
			);
			path = SegmentControl;
			sourceTree = "<group>";
		};
		741BF25A256E97D800ECB252 /* SegmentControlTests */ = {
			isa = PBXGroup;
			children = (
				741BF25B256E97D800ECB252 /* SegmentControlTests.swift */,
				741BF25D256E97D800ECB252 /* Info.plist */,
			);
			path = SegmentControlTests;
			sourceTree = "<group>";
		};
		741BF265256E97D800ECB252 /* SegmentControlUITests */ = {
			isa = PBXGroup;
			children = (
				741BF266256E97D800ECB252 /* SegmentControlUITests.swift */,
				741BF268256E97D800ECB252 /* Info.plist */,
			);
			path = SegmentControlUITests;
			sourceTree = "<group>";
		};
/* End PBXGroup section */

/* Begin PBXNativeTarget section */
		741BF240256E97D700ECB252 /* SegmentControl */ = {
			isa = PBXNativeTarget;
			buildConfigurationList = 741BF26B256E97D800ECB252 /* Build configuration list for PBXNativeTarget "SegmentControl" */;
			buildPhases = (
				741BF23D256E97D700ECB252 /* Sources */,
				741BF23E256E97D700ECB252 /* Frameworks */,
				741BF23F256E97D700ECB252 /* Resources */,
			);
			buildRules = (
			);
			dependencies = (
			);
			name = SegmentControl;
			productName = SegmentControl;
			productReference = 741BF241256E97D700ECB252 /* SegmentControl.app */;
			productType = "com.apple.product-type.application";
		};
		741BF256256E97D800ECB252 /* SegmentControlTests */ = {
			isa = PBXNativeTarget;
			buildConfigurationList = 741BF26E256E97D800ECB252 /* Build configuration list for PBXNativeTarget "SegmentControlTests" */;
			buildPhases = (
				741BF253256E97D800ECB252 /* Sources */,
				741BF254256E97D800ECB252 /* Frameworks */,
				741BF255256E97D800ECB252 /* Resources */,
			);
			buildRules = (
			);
			dependencies = (
				741BF259256E97D800ECB252 /* PBXTargetDependency */,
			);
			name = SegmentControlTests;
			productName = SegmentControlTests;
			productReference = 741BF257256E97D800ECB252 /* SegmentControlTests.xctest */;
			productType = "com.apple.product-type.bundle.unit-test";
		};
		741BF261256E97D800ECB252 /* SegmentControlUITests */ = {
			isa = PBXNativeTarget;
			buildConfigurationList = 741BF271256E97D800ECB252 /* Build configuration list for PBXNativeTarget "SegmentControlUITests" */;
			buildPhases = (
				741BF25E256E97D800ECB252 /* Sources */,
				741BF25F256E97D800ECB252 /* Frameworks */,
				741BF260256E97D800ECB252 /* Resources */,
			);
			buildRules = (
			);
			dependencies = (
				741BF264256E97D800ECB252 /* PBXTargetDependency */,
			);
			name = SegmentControlUITests;
			productName = SegmentControlUITests;
			productReference = 741BF262256E97D800ECB252 /* SegmentControlUITests.xctest */;
			productType = "com.apple.product-type.bundle.ui-testing";
		};
/* End PBXNativeTarget section */

/* Begin PBXProject section */
		741BF239256E97D700ECB252 /* Project object */ = {
			isa = PBXProject;
			attributes = {
				LastSwiftUpdateCheck = 1220;
				LastUpgradeCheck = 1220;
				TargetAttributes = {
					741BF240256E97D700ECB252 = {
						CreatedOnToolsVersion = 12.2;
					};
					741BF256256E97D800ECB252 = {
						CreatedOnToolsVersion = 12.2;
						TestTargetID = 741BF240256E97D700ECB252;
					};
					741BF261256E97D800ECB252 = {
						CreatedOnToolsVersion = 12.2;
						TestTargetID = 741BF240256E97D700ECB252;
					};
				};
			};
			buildConfigurationList = 741BF23C256E97D700ECB252 /* Build configuration list for PBXProject "SegmentControl" */;
			compatibilityVersion = "Xcode 9.3";
			developmentRegion = en;
			hasScannedForEncodings = 0;
			knownRegions = (
				en,
				Base,
			);
			mainGroup = 741BF238256E97D700ECB252;
			productRefGroup = 741BF242256E97D700ECB252 /* Products */;
			projectDirPath = "";
			projectRoot = "";
			targets = (
				741BF240256E97D700ECB252 /* SegmentControl */,
				741BF256256E97D800ECB252 /* SegmentControlTests */,
				741BF261256E97D800ECB252 /* SegmentControlUITests */,
			);
		};
/* End PBXProject section */

/* Begin PBXResourcesBuildPhase section */
		741BF23F256E97D700ECB252 /* Resources */ = {
			isa = PBXResourcesBuildPhase;
			buildActionMask = 2147483647;
			files = (
				741BF251256E97D800ECB252 /* LaunchScreen.storyboard in Resources */,
				741BF24E256E97D800ECB252 /* Assets.xcassets in Resources */,
				741BF24C256E97D700ECB252 /* Main.storyboard in Resources */,
			);
			runOnlyForDeploymentPostprocessing = 0;
		};
		741BF255256E97D800ECB252 /* Resources */ = {
			isa = PBXResourcesBuildPhase;
			buildActionMask = 2147483647;
			files = (
			);
			runOnlyForDeploymentPostprocessing = 0;
		};
		741BF260256E97D800ECB252 /* Resources */ = {
			isa = PBXResourcesBuildPhase;
			buildActionMask = 2147483647;
			files = (
			);
			runOnlyForDeploymentPostprocessing = 0;
		};
/* End PBXResourcesBuildPhase section */

/* Begin PBXSourcesBuildPhase section */
		741BF23D256E97D700ECB252 /* Sources */ = {
			isa = PBXSourcesBuildPhase;
			buildActionMask = 2147483647;
			files = (
				741BF249256E97D700ECB252 /* ViewController.swift in Sources */,
				741BF245256E97D700ECB252 /* AppDelegate.swift in Sources */,
				741BF247256E97D700ECB252 /* SceneDelegate.swift in Sources */,
			);
			runOnlyForDeploymentPostprocessing = 0;
		};
		741BF253256E97D800ECB252 /* Sources */ = {
			isa = PBXSourcesBuildPhase;
			buildActionMask = 2147483647;
			files = (
				741BF25C256E97D800ECB252 /* SegmentControlTests.swift in Sources */,
			);
			runOnlyForDeploymentPostprocessing = 0;
		};
		741BF25E256E97D800ECB252 /* Sources */ = {
			isa = PBXSourcesBuildPhase;
			buildActionMask = 2147483647;
			files = (
				741BF267256E97D800ECB252 /* SegmentControlUITests.swift in Sources */,
			);
			runOnlyForDeploymentPostprocessing = 0;
		};
/* End PBXSourcesBuildPhase section */

/* Begin PBXTargetDependency section */
		741BF259256E97D800ECB252 /* PBXTargetDependency */ = {
			isa = PBXTargetDependency;
			target = 741BF240256E97D700ECB252 /* SegmentControl */;
			targetProxy = 741BF258256E97D800ECB252 /* PBXContainerItemProxy */;
		};
		741BF264256E97D800ECB252 /* PBXTargetDependency */ = {
			isa = PBXTargetDependency;
			target = 741BF240256E97D700ECB252 /* SegmentControl */;
			targetProxy = 741BF263256E97D800ECB252 /* PBXContainerItemProxy */;
		};
/* End PBXTargetDependency section */

/* Begin PBXVariantGroup section */
		741BF24A256E97D700ECB252 /* Main.storyboard */ = {
			isa = PBXVariantGroup;
			children = (
				741BF24B256E97D700ECB252 /* Base */,
			);
			name = Main.storyboard;
			sourceTree = "<group>";
		};
		741BF24F256E97D800ECB252 /* LaunchScreen.storyboard */ = {
			isa = PBXVariantGroup;
			children = (
				741BF250256E97D800ECB252 /* Base */,
			);
			name = LaunchScreen.storyboard;
			sourceTree = "<group>";
		};
/* End PBXVariantGroup section */

/* Begin XCBuildConfiguration section */
		741BF269256E97D800ECB252 /* Debug */ = {
			isa = XCBuildConfiguration;
			buildSettings = {
				ALWAYS_SEARCH_USER_PATHS = NO;
				CLANG_ANALYZER_NONNULL = YES;
				CLANG_ANALYZER_NUMBER_OBJECT_CONVERSION = YES_AGGRESSIVE;
				CLANG_CXX_LANGUAGE_STANDARD = "gnu++14";
				CLANG_CXX_LIBRARY = "libc++";
				CLANG_ENABLE_MODULES = YES;
				CLANG_ENABLE_OBJC_ARC = YES;
				CLANG_ENABLE_OBJC_WEAK = YES;
				CLANG_WARN_BLOCK_CAPTURE_AUTORELEASING = YES;
				CLANG_WARN_BOOL_CONVERSION = YES;
				CLANG_WARN_COMMA = YES;
				CLANG_WARN_CONSTANT_CONVERSION = YES;
				CLANG_WARN_DEPRECATED_OBJC_IMPLEMENTATIONS = YES;
				CLANG_WARN_DIRECT_OBJC_ISA_USAGE = YES_ERROR;
				CLANG_WARN_DOCUMENTATION_COMMENTS = YES;
				CLANG_WARN_EMPTY_BODY = YES;
				CLANG_WARN_ENUM_CONVERSION = YES;
				CLANG_WARN_INFINITE_RECURSION = YES;
				CLANG_WARN_INT_CONVERSION = YES;
				CLANG_WARN_NON_LITERAL_NULL_CONVERSION = YES;
				CLANG_WARN_OBJC_IMPLICIT_RETAIN_SELF = YES;
				CLANG_WARN_OBJC_LITERAL_CONVERSION = YES;
				CLANG_WARN_OBJC_ROOT_CLASS = YES_ERROR;
				CLANG_WARN_QUOTED_INCLUDE_IN_FRAMEWORK_HEADER = YES;
				CLANG_WARN_RANGE_LOOP_ANALYSIS = YES;
				CLANG_WARN_STRICT_PROTOTYPES = YES;
				CLANG_WARN_SUSPICIOUS_MOVE = YES;
				CLANG_WARN_UNGUARDED_AVAILABILITY = YES_AGGRESSIVE;
				CLANG_WARN_UNREACHABLE_CODE = YES;
				CLANG_WARN__DUPLICATE_METHOD_MATCH = YES;
				COPY_PHASE_STRIP = NO;
				DEBUG_INFORMATION_FORMAT = dwarf;
				ENABLE_STRICT_OBJC_MSGSEND = YES;
				ENABLE_TESTABILITY = YES;
				GCC_C_LANGUAGE_STANDARD = gnu11;
				GCC_DYNAMIC_NO_PIC = NO;
				GCC_NO_COMMON_BLOCKS = YES;
				GCC_OPTIMIZATION_LEVEL = 0;
				GCC_PREPROCESSOR_DEFINITIONS = (
					"DEBUG=1",
					"$(inherited)",
				);
				GCC_WARN_64_TO_32_BIT_CONVERSION = YES;
				GCC_WARN_ABOUT_RETURN_TYPE = YES_ERROR;
				GCC_WARN_UNDECLARED_SELECTOR = YES;
				GCC_WARN_UNINITIALIZED_AUTOS = YES_AGGRESSIVE;
				GCC_WARN_UNUSED_FUNCTION = YES;
				GCC_WARN_UNUSED_VARIABLE = YES;
				IPHONEOS_DEPLOYMENT_TARGET = 14.2;
				MTL_ENABLE_DEBUG_INFO = INCLUDE_SOURCE;
				MTL_FAST_MATH = YES;
				ONLY_ACTIVE_ARCH = YES;
				SDKROOT = iphoneos;
				SWIFT_ACTIVE_COMPILATION_CONDITIONS = DEBUG;
				SWIFT_OPTIMIZATION_LEVEL = "-Onone";
			};
			name = Debug;
		};
		741BF26A256E97D800ECB252 /* Release */ = {
			isa = XCBuildConfiguration;
			buildSettings = {
				ALWAYS_SEARCH_USER_PATHS = NO;
				CLANG_ANALYZER_NONNULL = YES;
				CLANG_ANALYZER_NUMBER_OBJECT_CONVERSION = YES_AGGRESSIVE;
				CLANG_CXX_LANGUAGE_STANDARD = "gnu++14";
				CLANG_CXX_LIBRARY = "libc++";
				CLANG_ENABLE_MODULES = YES;
				CLANG_ENABLE_OBJC_ARC = YES;
				CLANG_ENABLE_OBJC_WEAK = YES;
				CLANG_WARN_BLOCK_CAPTURE_AUTORELEASING = YES;
				CLANG_WARN_BOOL_CONVERSION = YES;
				CLANG_WARN_COMMA = YES;
				CLANG_WARN_CONSTANT_CONVERSION = YES;
				CLANG_WARN_DEPRECATED_OBJC_IMPLEMENTATIONS = YES;
				CLANG_WARN_DIRECT_OBJC_ISA_USAGE = YES_ERROR;
				CLANG_WARN_DOCUMENTATION_COMMENTS = YES;
				CLANG_WARN_EMPTY_BODY = YES;
				CLANG_WARN_ENUM_CONVERSION = YES;
				CLANG_WARN_INFINITE_RECURSION = YES;
				CLANG_WARN_INT_CONVERSION = YES;
				CLANG_WARN_NON_LITERAL_NULL_CONVERSION = YES;
				CLANG_WARN_OBJC_IMPLICIT_RETAIN_SELF = YES;
				CLANG_WARN_OBJC_LITERAL_CONVERSION = YES;
				CLANG_WARN_OBJC_ROOT_CLASS = YES_ERROR;
				CLANG_WARN_QUOTED_INCLUDE_IN_FRAMEWORK_HEADER = YES;
				CLANG_WARN_RANGE_LOOP_ANALYSIS = YES;
				CLANG_WARN_STRICT_PROTOTYPES = YES;
				CLANG_WARN_SUSPICIOUS_MOVE = YES;
				CLANG_WARN_UNGUARDED_AVAILABILITY = YES_AGGRESSIVE;
				CLANG_WARN_UNREACHABLE_CODE = YES;
				CLANG_WARN__DUPLICATE_METHOD_MATCH = YES;
				COPY_PHASE_STRIP = NO;
				DEBUG_INFORMATION_FORMAT = "dwarf-with-dsym";
				ENABLE_NS_ASSERTIONS = NO;
				ENABLE_STRICT_OBJC_MSGSEND = YES;
				GCC_C_LANGUAGE_STANDARD = gnu11;
				GCC_NO_COMMON_BLOCKS = YES;
				GCC_WARN_64_TO_32_BIT_CONVERSION = YES;
				GCC_WARN_ABOUT_RETURN_TYPE = YES_ERROR;
				GCC_WARN_UNDECLARED_SELECTOR = YES;
				GCC_WARN_UNINITIALIZED_AUTOS = YES_AGGRESSIVE;
				GCC_WARN_UNUSED_FUNCTION = YES;
				GCC_WARN_UNUSED_VARIABLE = YES;
				IPHONEOS_DEPLOYMENT_TARGET = 14.2;
				MTL_ENABLE_DEBUG_INFO = NO;
				MTL_FAST_MATH = YES;
				SDKROOT = iphoneos;
				SWIFT_COMPILATION_MODE = wholemodule;
				SWIFT_OPTIMIZATION_LEVEL = "-O";
				VALIDATE_PRODUCT = YES;
			};
			name = Release;
		};
		741BF26C256E97D800ECB252 /* Debug */ = {
			isa = XCBuildConfiguration;
			buildSettings = {
				ASSETCATALOG_COMPILER_APPICON_NAME = AppIcon;
				ASSETCATALOG_COMPILER_GLOBAL_ACCENT_COLOR_NAME = AccentColor;
				CODE_SIGN_STYLE = Automatic;
				INFOPLIST_FILE = SegmentControl/Info.plist;
				LD_RUNPATH_SEARCH_PATHS = (
					"$(inherited)",
					"@executable_path/Frameworks",
				);
				PRODUCT_BUNDLE_IDENTIFIER = sample.SegmentControl;
				PRODUCT_NAME = "$(TARGET_NAME)";
				SWIFT_VERSION = 5.0;
				TARGETED_DEVICE_FAMILY = "1,2";
			};
			name = Debug;
		};
		741BF26D256E97D800ECB252 /* Release */ = {
			isa = XCBuildConfiguration;
			buildSettings = {
				ASSETCATALOG_COMPILER_APPICON_NAME = AppIcon;
				ASSETCATALOG_COMPILER_GLOBAL_ACCENT_COLOR_NAME = AccentColor;
				CODE_SIGN_STYLE = Automatic;
				INFOPLIST_FILE = SegmentControl/Info.plist;
				LD_RUNPATH_SEARCH_PATHS = (
					"$(inherited)",
					"@executable_path/Frameworks",
				);
				PRODUCT_BUNDLE_IDENTIFIER = sample.SegmentControl;
				PRODUCT_NAME = "$(TARGET_NAME)";
				SWIFT_VERSION = 5.0;
				TARGETED_DEVICE_FAMILY = "1,2";
			};
			name = Release;
		};
		741BF26F256E97D800ECB252 /* Debug */ = {
			isa = XCBuildConfiguration;
			buildSettings = {
				ALWAYS_EMBED_SWIFT_STANDARD_LIBRARIES = YES;
				BUNDLE_LOADER = "$(TEST_HOST)";
				CODE_SIGN_STYLE = Automatic;
				INFOPLIST_FILE = SegmentControlTests/Info.plist;
				IPHONEOS_DEPLOYMENT_TARGET = 14.2;
				LD_RUNPATH_SEARCH_PATHS = (
					"$(inherited)",
					"@executable_path/Frameworks",
					"@loader_path/Frameworks",
				);
				PRODUCT_BUNDLE_IDENTIFIER = sample.SegmentControlTests;
				PRODUCT_NAME = "$(TARGET_NAME)";
				SWIFT_VERSION = 5.0;
				TARGETED_DEVICE_FAMILY = "1,2";
				TEST_HOST = "$(BUILT_PRODUCTS_DIR)/SegmentControl.app/SegmentControl";
			};
			name = Debug;
		};
		741BF270256E97D800ECB252 /* Release */ = {
			isa = XCBuildConfiguration;
			buildSettings = {
				ALWAYS_EMBED_SWIFT_STANDARD_LIBRARIES = YES;
				BUNDLE_LOADER = "$(TEST_HOST)";
				CODE_SIGN_STYLE = Automatic;
				INFOPLIST_FILE = SegmentControlTests/Info.plist;
				IPHONEOS_DEPLOYMENT_TARGET = 14.2;
				LD_RUNPATH_SEARCH_PATHS = (
					"$(inherited)",
					"@executable_path/Frameworks",
					"@loader_path/Frameworks",
				);
				PRODUCT_BUNDLE_IDENTIFIER = sample.SegmentControlTests;
				PRODUCT_NAME = "$(TARGET_NAME)";
				SWIFT_VERSION = 5.0;
				TARGETED_DEVICE_FAMILY = "1,2";
				TEST_HOST = "$(BUILT_PRODUCTS_DIR)/SegmentControl.app/SegmentControl";
			};
			name = Release;
		};
		741BF272256E97D800ECB252 /* Debug */ = {
			isa = XCBuildConfiguration;
			buildSettings = {
				ALWAYS_EMBED_SWIFT_STANDARD_LIBRARIES = YES;
				CODE_SIGN_STYLE = Automatic;
				INFOPLIST_FILE = SegmentControlUITests/Info.plist;
				LD_RUNPATH_SEARCH_PATHS = (
					"$(inherited)",
					"@executable_path/Frameworks",
					"@loader_path/Frameworks",
				);
				PRODUCT_BUNDLE_IDENTIFIER = sample.SegmentControlUITests;
				PRODUCT_NAME = "$(TARGET_NAME)";
				SWIFT_VERSION = 5.0;
				TARGETED_DEVICE_FAMILY = "1,2";
				TEST_TARGET_NAME = SegmentControl;
			};
			name = Debug;
		};
		741BF273256E97D800ECB252 /* Release */ = {
			isa = XCBuildConfiguration;
			buildSettings = {
				ALWAYS_EMBED_SWIFT_STANDARD_LIBRARIES = YES;
				CODE_SIGN_STYLE = Automatic;
				INFOPLIST_FILE = SegmentControlUITests/Info.plist;
				LD_RUNPATH_SEARCH_PATHS = (
					"$(inherited)",
					"@executable_path/Frameworks",
					"@loader_path/Frameworks",
				);
				PRODUCT_BUNDLE_IDENTIFIER = sample.SegmentControlUITests;
				PRODUCT_NAME = "$(TARGET_NAME)";
				SWIFT_VERSION = 5.0;
				TARGETED_DEVICE_FAMILY = "1,2";
				TEST_TARGET_NAME = SegmentControl;
			};
			name = Release;
		};
/* End XCBuildConfiguration section */

/* Begin XCConfigurationList section */
		741BF23C256E97D700ECB252 /* Build configuration list for PBXProject "SegmentControl" */ = {
			isa = XCConfigurationList;
			buildConfigurations = (
				741BF269256E97D800ECB252 /* Debug */,
				741BF26A256E97D800ECB252 /* Release */,
			);
			defaultConfigurationIsVisible = 0;
			defaultConfigurationName = Release;
		};
		741BF26B256E97D800ECB252 /* Build configuration list for PBXNativeTarget "SegmentControl" */ = {
			isa = XCConfigurationList;
			buildConfigurations = (
				741BF26C256E97D800ECB252 /* Debug */,
				741BF26D256E97D800ECB252 /* Release */,
			);
			defaultConfigurationIsVisible = 0;
			defaultConfigurationName = Release;
		};
		741BF26E256E97D800ECB252 /* Build configuration list for PBXNativeTarget "SegmentControlTests" */ = {
			isa = XCConfigurationList;
			buildConfigurations = (
				741BF26F256E97D800ECB252 /* Debug */,
				741BF270256E97D800ECB252 /* Release */,
			);
			defaultConfigurationIsVisible = 0;
			defaultConfigurationName = Release;
		};
		741BF271256E97D800ECB252 /* Build configuration list for PBXNativeTarget "SegmentControlUITests" */ = {
			isa = XCConfigurationList;
			buildConfigurations = (
				741BF272256E97D800ECB252 /* Debug */,
				741BF273256E97D800ECB252 /* Release */,
			);
			defaultConfigurationIsVisible = 0;
			defaultConfigurationName = Release;
		};
/* End XCConfigurationList section */
	};
	rootObject = 741BF239256E97D700ECB252 /* Project object */;
}
